
Microsoft Visual Studio Solution File, Format Version 12.00
Project("{FAE04EC0-301F-11D3-BF4B-00C04F79EFBC}") = "RazorEnhancedScripts.Scripts", "RazorEnhancedScripts.Scripts\RazorEnhancedScripts.Scripts.csproj", "{01CA1415-0B87-409F-908E-40691A3C952F}"
EndProject
Global
	GlobalSection(SolutionConfigurationPlatforms) = preSolution
		Debug|Any CPU = Debug|Any CPU
		Release|Any CPU = Release|Any CPU
	EndGlobalSection
	GlobalSection(ProjectConfigurationPlatforms) = postSolution
		{01CA1415-0B87-409F-908E-40691A3C952F}.Debug|Any CPU.ActiveCfg = Debug|Any CPU
		{01CA1415-0B87-409F-908E-40691A3C952F}.Debug|Any CPU.Build.0 = Debug|Any CPU
		{01CA1415-0B87-409F-908E-40691A3C952F}.Release|Any CPU.ActiveCfg = Release|Any CPU
		{01CA1415-0B87-409F-908E-40691A3C952F}.Release|Any CPU.Build.0 = Release|Any CPU
	EndGlobalSection
EndGlobal
